
Microsoft Visual Studio Solution File, Format Version 12.00
# Visual Studio Version 17
VisualStudioVersion = 17.12.35707.178
MinimumVisualStudioVersion = 10.0.40219.1
Project("{FAE04EC0-301F-11D3-BF4B-00C04F79EFBC}") = "ElsaConsole", "ElsaConsole\ElsaConsole.csproj", "{EE4B3C11-8AC7-46C7-97AF-1E188BC2BF43}"
EndProject
Project("{FAE04EC0-301F-11D3-BF4B-00C04F79EFBC}") = "ElsaWeb", "..\ElsaWeb\ElsaWeb.csproj", "{4EAB5A73-41B0-4CE7-8A3C-EB30C3E3E873}"
EndProject
Project("{FAE04EC0-301F-11D3-BF4B-00C04F79EFBC}") = "ElsaServer", "..\ElsaServer\ElsaServer.csproj", "{19252408-C5DE-44C1-B6F2-8F620A1C7CD3}"
EndProject
Project("{FAE04EC0-301F-11D3-BF4B-00C04F79EFBC}") = "ElsaStudioBlazorWasm", "..\ElsaStudioBlazorWasm\ElsaStudioBlazorWasm.csproj", "{70853D02-A146-4C1B-811A-35653F223A01}"
EndProject
Project("{2150E333-8FDC-42A3-9474-1A3956D46DE8}") = "http-workflows", "http-workflows", "{470B8B52-AD0C-4BDA-B7E1-5D2C9BBB483F}"
EndProject
Project("{FAE04EC0-301F-11D3-BF4B-00C04F79EFBC}") = "WorkflowApp.Web", "..\WorkflowApp.Web\WorkflowApp.Web.csproj", "{20CE4C5B-B7C3-4399-BEF2-7E3816EDA2B3}"
EndProject
Project("{FAE04EC0-301F-11D3-BF4B-00C04F79EFBC}") = "Onboarding", "..\Onboarding\Onboarding.csproj", "{8901EDDF-FE88-4883-AFE8-AAC310414A8D}"
EndProject
Project("{FAE04EC0-301F-11D3-BF4B-00C04F79EFBC}") = "Elsa.Api", "..\Elsa.Api\Elsa.Api.csproj", "{7829C4C7-DA1A-4A47-93FE-2B715E10C5B8}"
EndProject
Global
	GlobalSection(SolutionConfigurationPlatforms) = preSolution
		Debug|Any CPU = Debug|Any CPU
		Release|Any CPU = Release|Any CPU
	EndGlobalSection
	GlobalSection(ProjectConfigurationPlatforms) = postSolution
		{EE4B3C11-8AC7-46C7-97AF-1E188BC2BF43}.Debug|Any CPU.ActiveCfg = Debug|Any CPU
		{EE4B3C11-8AC7-46C7-97AF-1E188BC2BF43}.Debug|Any CPU.Build.0 = Debug|Any CPU
		{EE4B3C11-8AC7-46C7-97AF-1E188BC2BF43}.Release|Any CPU.ActiveCfg = Release|Any CPU
		{EE4B3C11-8AC7-46C7-97AF-1E188BC2BF43}.Release|Any CPU.Build.0 = Release|Any CPU
		{4EAB5A73-41B0-4CE7-8A3C-EB30C3E3E873}.Debug|Any CPU.ActiveCfg = Debug|Any CPU
		{4EAB5A73-41B0-4CE7-8A3C-EB30C3E3E873}.Debug|Any CPU.Build.0 = Debug|Any CPU
		{4EAB5A73-41B0-4CE7-8A3C-EB30C3E3E873}.Release|Any CPU.ActiveCfg = Release|Any CPU
		{4EAB5A73-41B0-4CE7-8A3C-EB30C3E3E873}.Release|Any CPU.Build.0 = Release|Any CPU
		{19252408-C5DE-44C1-B6F2-8F620A1C7CD3}.Debug|Any CPU.ActiveCfg = Debug|Any CPU
		{19252408-C5DE-44C1-B6F2-8F620A1C7CD3}.Debug|Any CPU.Build.0 = Debug|Any CPU
		{19252408-C5DE-44C1-B6F2-8F620A1C7CD3}.Release|Any CPU.ActiveCfg = Release|Any CPU
		{19252408-C5DE-44C1-B6F2-8F620A1C7CD3}.Release|Any CPU.Build.0 = Release|Any CPU
		{70853D02-A146-4C1B-811A-35653F223A01}.Debug|Any CPU.ActiveCfg = Debug|Any CPU
		{70853D02-A146-4C1B-811A-35653F223A01}.Debug|Any CPU.Build.0 = Debug|Any CPU
		{70853D02-A146-4C1B-811A-35653F223A01}.Release|Any CPU.ActiveCfg = Release|Any CPU
		{70853D02-A146-4C1B-811A-35653F223A01}.Release|Any CPU.Build.0 = Release|Any CPU
		{20CE4C5B-B7C3-4399-BEF2-7E3816EDA2B3}.Debug|Any CPU.ActiveCfg = Debug|Any CPU
		{20CE4C5B-B7C3-4399-BEF2-7E3816EDA2B3}.Debug|Any CPU.Build.0 = Debug|Any CPU
		{20CE4C5B-B7C3-4399-BEF2-7E3816EDA2B3}.Release|Any CPU.ActiveCfg = Release|Any CPU
		{20CE4C5B-B7C3-4399-BEF2-7E3816EDA2B3}.Release|Any CPU.Build.0 = Release|Any CPU
		{8901EDDF-FE88-4883-AFE8-AAC310414A8D}.Debug|Any CPU.ActiveCfg = Debug|Any CPU
		{8901EDDF-FE88-4883-AFE8-AAC310414A8D}.Debug|Any CPU.Build.0 = Debug|Any CPU
		{8901EDDF-FE88-4883-AFE8-AAC310414A8D}.Release|Any CPU.ActiveCfg = Release|Any CPU
		{8901EDDF-FE88-4883-AFE8-AAC310414A8D}.Release|Any CPU.Build.0 = Release|Any CPU
		{7829C4C7-DA1A-4A47-93FE-2B715E10C5B8}.Debug|Any CPU.ActiveCfg = Debug|Any CPU
		{7829C4C7-DA1A-4A47-93FE-2B715E10C5B8}.Debug|Any CPU.Build.0 = Debug|Any CPU
		{7829C4C7-DA1A-4A47-93FE-2B715E10C5B8}.Release|Any CPU.ActiveCfg = Release|Any CPU
		{7829C4C7-DA1A-4A47-93FE-2B715E10C5B8}.Release|Any CPU.Build.0 = Release|Any CPU
	EndGlobalSection
	GlobalSection(SolutionProperties) = preSolution
		HideSolutionNode = FALSE
	EndGlobalSection
	GlobalSection(NestedProjects) = preSolution
		{20CE4C5B-B7C3-4399-BEF2-7E3816EDA2B3} = {470B8B52-AD0C-4BDA-B7E1-5D2C9BBB483F}
	EndGlobalSection
EndGlobal
